
Microsoft Visual Studio Solution File, Format Version 12.00
# Visual Studio Version 17
VisualStudioVersion = 17.2.32616.157
MinimumVisualStudioVersion = 10.0.40219.1
Project("{9A19103F-16F7-4668-BE54-9A1E7A4F7556}") = "WebAPIGeneric", "WebAPIGeneric\WebAPIGeneric.csproj", "{02A5C555-07F4-4B80-BB45-96D8F6EAA07E}"
EndProject
Project("{9A19103F-16F7-4668-BE54-9A1E7A4F7556}") = "Domain Layer", "Domain Layer\Domain Layer.csproj", "{938FBFEC-B16F-4541-A9B5-086DBFC810F1}"
EndProject
Project("{FAE04EC0-301F-11D3-BF4B-00C04F79EFBC}") = "Repository Layer", "Repository Layer\Repository Layer.csproj", "{5E75B456-C9DA-4B2E-B425-206A2FCD2B4E}"
EndProject
Project("{FAE04EC0-301F-11D3-BF4B-00C04F79EFBC}") = "ServiceLayer", "ServiceLayer\ServiceLayer.csproj", "{FC5DF507-86F1-4FCD-8C89-EE0FACA946EF}"
EndProject
Global
	GlobalSection(SolutionConfigurationPlatforms) = preSolution
		Debug|Any CPU = Debug|Any CPU
		Release|Any CPU = Release|Any CPU
	EndGlobalSection
	GlobalSection(ProjectConfigurationPlatforms) = postSolution
		{02A5C555-07F4-4B80-BB45-96D8F6EAA07E}.Debug|Any CPU.ActiveCfg = Debug|Any CPU
		{02A5C555-07F4-4B80-BB45-96D8F6EAA07E}.Debug|Any CPU.Build.0 = Debug|Any CPU
		{02A5C555-07F4-4B80-BB45-96D8F6EAA07E}.Release|Any CPU.ActiveCfg = Release|Any CPU
		{02A5C555-07F4-4B80-BB45-96D8F6EAA07E}.Release|Any CPU.Build.0 = Release|Any CPU
		{938FBFEC-B16F-4541-A9B5-086DBFC810F1}.Debug|Any CPU.ActiveCfg = Debug|Any CPU
		{938FBFEC-B16F-4541-A9B5-086DBFC810F1}.Debug|Any CPU.Build.0 = Debug|Any CPU
		{938FBFEC-B16F-4541-A9B5-086DBFC810F1}.Release|Any CPU.ActiveCfg = Release|Any CPU
		{938FBFEC-B16F-4541-A9B5-086DBFC810F1}.Release|Any CPU.Build.0 = Release|Any CPU
		{5E75B456-C9DA-4B2E-B425-206A2FCD2B4E}.Debug|Any CPU.ActiveCfg = Debug|Any CPU
		{5E75B456-C9DA-4B2E-B425-206A2FCD2B4E}.Debug|Any CPU.Build.0 = Debug|Any CPU
		{5E75B456-C9DA-4B2E-B425-206A2FCD2B4E}.Release|Any CPU.ActiveCfg = Release|Any CPU
		{5E75B456-C9DA-4B2E-B425-206A2FCD2B4E}.Release|Any CPU.Build.0 = Release|Any CPU
		{FC5DF507-86F1-4FCD-8C89-EE0FACA946EF}.Debug|Any CPU.ActiveCfg = Debug|Any CPU
		{FC5DF507-86F1-4FCD-8C89-EE0FACA946EF}.Debug|Any CPU.Build.0 = Debug|Any CPU
		{FC5DF507-86F1-4FCD-8C89-EE0FACA946EF}.Release|Any CPU.ActiveCfg = Release|Any CPU
		{FC5DF507-86F1-4FCD-8C89-EE0FACA946EF}.Release|Any CPU.Build.0 = Release|Any CPU
	EndGlobalSection
	GlobalSection(SolutionProperties) = preSolution
		HideSolutionNode = FALSE
	EndGlobalSection
	GlobalSection(ExtensibilityGlobals) = postSolution
		SolutionGuid = {D784527D-1618-45A9-90FF-B769E5F18966}
	EndGlobalSection
EndGlobal
